{
  "version": 4,
  "terraform_version": "1.6.6",
  "serial": 3,
  "lineage": "82ea26f4-0d04-0bd2-278c-59f9e84e321b",
  "outputs": {},
  "resources": [
    {
      "mode": "managed",
      "type": "newrelic_one_dashboard",
      "name": "Dashboards",
      "provider": "provider[\"registry.terraform.io/newrelic/newrelic\"]",
      "instances": [
        {
          "index_key": "0",
          "schema_version": 0,
          "attributes": {
            "account_id": 4268478,
            "description": null,
            "guid": "NDI2ODQ3OHxWSVp8REFTSEJPQVJEfGRhOjQ5MjQ4MTc",
            "id": "NDI2ODQ3OHxWSVp8REFTSEJPQVJEfGRhOjQ5MjQ4MTc",
            "name": "Dashboard-1",
            "page": [
              {
                "description": "",
                "guid": "NDI2ODQ3OHxWSVp8REFTSEJPQVJEfDEzODE0NDM2",
                "name": "page-1",
                "widget_area": [],
                "widget_bar": [
                  {
                    "colors": [],
                    "column": 4,
                    "facet_show_other_series": false,
                    "filter_current_dashboard": false,
                    "height": 3,
                    "id": "200050791",
                    "ignore_time_range": false,
                    "legend_enabled": true,
                    "linked_entity_guids": [],
                    "nrql_query": [
                      {
                        "account_id": 4268478,
                        "query": "FROM Transaction SELECT average(duration) FACET appName"
                      }
                    ],
                    "null_values": [],
                    "row": 1,
                    "title": "Average transaction duration, by application",
                    "units": [],
                    "width": 3,
                    "y_axis_left_max": 0,
                    "y_axis_left_min": 0
                  }
                ],
                "widget_billboard": [
                  {
                    "colors": [],
                    "column": 1,
                    "critical": "",
                    "facet_show_other_series": false,
                    "height": 3,
                    "id": "200050793",
                    "ignore_time_range": false,
                    "legend_enabled": true,
                    "nrql_query": [
                      {
                        "account_id": 4268478,
                        "query": "FROM Transaction SELECT rate(count(*), 1 minute)"
                      }
                    ],
                    "null_values": [],
                    "row": 1,
                    "title": "Requests per minute.",
                    "units": [],
                    "warning": "",
                    "width": 3,
                    "y_axis_left_max": 0,
                    "y_axis_left_min": 0
                  }
                ],
                "widget_bullet": [],
                "widget_funnel": [],
                "widget_heatmap": [],
                "widget_histogram": [],
                "widget_json": [],
                "widget_line": [
                  {
                    "colors": [],
                    "column": 7,
                    "facet_show_other_series": false,
                    "height": 3,
                    "id": "200050795",
                    "ignore_time_range": false,
                    "legend_enabled": true,
                    "nrql_query": [
                      {
                        "account_id": 4268478,
                        "query": "FROM Transaction SELECT max(duration) as 'max duration' where httpResponseCode = '504' timeseries since 5 minutes ago"
                      }
                    ],
                    "null_values": [],
                    "row": 1,
                    "title": "Average transaction duration and the request per minute, by application",
                    "units": [],
                    "width": 3,
                    "y_axis_left_max": 0,
                    "y_axis_left_min": 0,
                    "y_axis_left_zero": false
                  }
                ],
                "widget_log_table": [],
                "widget_markdown": [],
                "widget_pie": [],
                "widget_stacked_bar": [],
                "widget_table": []
              }
            ],
            "permalink": "https://one.newrelic.com/redirect/entity/NDI2ODQ3OHxWSVp8REFTSEJPQVJEfGRhOjQ5MjQ4MTc",
            "permissions": "public_read_only",
            "variable": []
          },
          "sensitive_attributes": [],
          "private": "bnVsbA=="
        },
        {
          "index_key": "1",
          "schema_version": 0,
          "attributes": {
            "account_id": 4268478,
            "description": null,
            "guid": "NDI2ODQ3OHxWSVp8REFTSEJPQVJEfGRhOjQ5MjQ4MTY",
            "id": "NDI2ODQ3OHxWSVp8REFTSEJPQVJEfGRhOjQ5MjQ4MTY",
            "name": "Dashboard-2",
            "page": [
              {
                "description": "",
                "guid": "NDI2ODQ3OHxWSVp8REFTSEJPQVJEfDEzODE0NDM1",
                "name": "page-1",
                "widget_area": [],
                "widget_bar": [
                  {
                    "colors": [],
                    "column": 7,
                    "facet_show_other_series": false,
                    "filter_current_dashboard": false,
                    "height": 3,
                    "id": "200050790",
                    "ignore_time_range": false,
                    "legend_enabled": true,
                    "linked_entity_guids": [],
                    "nrql_query": [
                      {
                        "account_id": 4268478,
                        "query": "FROM Transaction SELECT max(duration) as 'max duration' where httpResponseCode = '504' timeseries since 5 minutes ago"
                      }
                    ],
                    "null_values": [],
                    "row": 1,
                    "title": "Average transaction duration and the request per minute, by application",
                    "units": [],
                    "width": 3,
                    "y_axis_left_max": 0,
                    "y_axis_left_min": 0
                  }
                ],
                "widget_billboard": [
                  {
                    "colors": [],
                    "column": 1,
                    "critical": "",
                    "facet_show_other_series": false,
                    "height": 3,
                    "id": "200050792",
                    "ignore_time_range": false,
                    "legend_enabled": true,
                    "nrql_query": [
                      {
                        "account_id": 4268478,
                        "query": "FROM Transaction SELECT rate(count(*), 1 minute)"
                      }
                    ],
                    "null_values": [],
                    "row": 1,
                    "title": "Requests per minute.",
                    "units": [],
                    "warning": "",
                    "width": 3,
                    "y_axis_left_max": 0,
                    "y_axis_left_min": 0
                  }
                ],
                "widget_bullet": [],
                "widget_funnel": [],
                "widget_heatmap": [],
                "widget_histogram": [],
                "widget_json": [],
                "widget_line": [
                  {
                    "colors": [],
                    "column": 4,
                    "facet_show_other_series": false,
                    "height": 3,
                    "id": "200050794",
                    "ignore_time_range": false,
                    "legend_enabled": true,
                    "nrql_query": [
                      {
                        "account_id": 4268478,
                        "query": "FROM Transaction SELECT average(duration) FACET appName"
                      }
                    ],
                    "null_values": [],
                    "row": 1,
                    "title": "Average transaction duration, by application",
                    "units": [],
                    "width": 3,
                    "y_axis_left_max": 0,
                    "y_axis_left_min": 0,
                    "y_axis_left_zero": false
                  }
                ],
                "widget_log_table": [],
                "widget_markdown": [],
                "widget_pie": [],
                "widget_stacked_bar": [],
                "widget_table": []
              }
            ],
            "permalink": "https://one.newrelic.com/redirect/entity/NDI2ODQ3OHxWSVp8REFTSEJPQVJEfGRhOjQ5MjQ4MTY",
            "permissions": "public_read_only",
            "variable": []
          },
          "sensitive_attributes": [],
          "private": "bnVsbA=="
        }
      ]
    }
  ],
  "check_results": null
}
